
Microsoft Visual Studio Solution File, Format Version 12.00
# Visual Studio Version 16
VisualStudioVersion = 16.0.31205.134
MinimumVisualStudioVersion = 10.0.40219.1
Project("{FAE04EC0-301F-11D3-BF4B-00C04F79EFBC}") = "ShoppingBasketTest", "ShoppingBasketTest\ShoppingBasketTest.csproj", "{1D6354D7-E436-4B64-88AF-6ABCC3C275A2}"
EndProject
Project("{FAE04EC0-301F-11D3-BF4B-00C04F79EFBC}") = "ShoppingBasketTest.Tests", "ShoppingBasketTest.Tests\ShoppingBasketTest.Tests.csproj", "{75927D90-FF4C-497D-A631-29793C8C078D}"
EndProject
Global
	GlobalSection(SolutionConfigurationPlatforms) = preSolution
		Debug|Any CPU = Debug|Any CPU
		Release|Any CPU = Release|Any CPU
	EndGlobalSection
	GlobalSection(ProjectConfigurationPlatforms) = postSolution
		{1D6354D7-E436-4B64-88AF-6ABCC3C275A2}.Debug|Any CPU.ActiveCfg = Debug|Any CPU
		{1D6354D7-E436-4B64-88AF-6ABCC3C275A2}.Debug|Any CPU.Build.0 = Debug|Any CPU
		{1D6354D7-E436-4B64-88AF-6ABCC3C275A2}.Release|Any CPU.ActiveCfg = Release|Any CPU
		{1D6354D7-E436-4B64-88AF-6ABCC3C275A2}.Release|Any CPU.Build.0 = Release|Any CPU
		{75927D90-FF4C-497D-A631-29793C8C078D}.Debug|Any CPU.ActiveCfg = Debug|Any CPU
		{75927D90-FF4C-497D-A631-29793C8C078D}.Debug|Any CPU.Build.0 = Debug|Any CPU
		{75927D90-FF4C-497D-A631-29793C8C078D}.Release|Any CPU.ActiveCfg = Release|Any CPU
		{75927D90-FF4C-497D-A631-29793C8C078D}.Release|Any CPU.Build.0 = Release|Any CPU
	EndGlobalSection
	GlobalSection(SolutionProperties) = preSolution
		HideSolutionNode = FALSE
	EndGlobalSection
	GlobalSection(ExtensibilityGlobals) = postSolution
		SolutionGuid = {E6E7D08E-4957-4C30-9362-CF5FFF40482D}
	EndGlobalSection
EndGlobal
